// !$*UTF8*$!
{
	archiveVersion = 1;
	classes = {
	};
	objectVersion = 46;
	objects = {

/* Begin PBXBuildFile section */
		1F020E619C6AABDDC05C6829 /* Pods_MeetingRooms.framework in Frameworks */ = {isa = PBXBuildFile; fileRef = FEEC5337293C48B3D88618F4 /* Pods_MeetingRooms.framework */; };
		754A04901E4FDD1600BB4593 /* String+Extension.swift in Sources */ = {isa = PBXBuildFile; fileRef = 754A048F1E4FDD1600BB4593 /* String+Extension.swift */; };
		754A04921E4FEE8200BB4593 /* Rx+Extension.swift in Sources */ = {isa = PBXBuildFile; fileRef = 754A04911E4FEE8200BB4593 /* Rx+Extension.swift */; };
		754A04951E4FF0AB00BB4593 /* Wireframe.swift in Sources */ = {isa = PBXBuildFile; fileRef = 754A04941E4FF0AB00BB4593 /* Wireframe.swift */; };
		754A04981E4FF20A00BB4593 /* AuthProtocols.swift in Sources */ = {isa = PBXBuildFile; fileRef = 754A04971E4FF20A00BB4593 /* AuthProtocols.swift */; };
		754A04A01E50856B00BB4593 /* SignUpViewController.swift in Sources */ = {isa = PBXBuildFile; fileRef = 754A049E1E50856B00BB4593 /* SignUpViewController.swift */; };
		754A04A11E50856B00BB4593 /* SignUpViewModel.swift in Sources */ = {isa = PBXBuildFile; fileRef = 754A049F1E50856B00BB4593 /* SignUpViewModel.swift */; };
		754A04A41E50857400BB4593 /* LoginViewController.swift in Sources */ = {isa = PBXBuildFile; fileRef = 754A04A21E50857400BB4593 /* LoginViewController.swift */; };
		754A04A51E50857400BB4593 /* LoginViewModel.swift in Sources */ = {isa = PBXBuildFile; fileRef = 754A04A31E50857400BB4593 /* LoginViewModel.swift */; };
		754A04AA1E5095BD00BB4593 /* MeetingRoomsListViewController.swift in Sources */ = {isa = PBXBuildFile; fileRef = 754A04A91E5095BD00BB4593 /* MeetingRoomsListViewController.swift */; };
		754A04AD1E50982600BB4593 /* Reachability.swift in Sources */ = {isa = PBXBuildFile; fileRef = 754A04AB1E50982600BB4593 /* Reachability.swift */; };
		754A04AE1E50982600BB4593 /* ReachabilityService.swift in Sources */ = {isa = PBXBuildFile; fileRef = 754A04AC1E50982600BB4593 /* ReachabilityService.swift */; };
		754A04B21E509AC700BB4593 /* Styles.swift in Sources */ = {isa = PBXBuildFile; fileRef = 754A04B11E509AC700BB4593 /* Styles.swift */; };
		754A04B51E51111600BB4593 /* User.swift in Sources */ = {isa = PBXBuildFile; fileRef = 754A04B41E51111500BB4593 /* User.swift */; };
		758161301E4F4FE600BCFFE1 /* AppDelegate.swift in Sources */ = {isa = PBXBuildFile; fileRef = 7581612F1E4F4FE600BCFFE1 /* AppDelegate.swift */; };
		758161351E4F4FE600BCFFE1 /* Main.storyboard in Resources */ = {isa = PBXBuildFile; fileRef = 758161331E4F4FE600BCFFE1 /* Main.storyboard */; };
		7581613A1E4F4FE600BCFFE1 /* LaunchScreen.storyboard in Resources */ = {isa = PBXBuildFile; fileRef = 758161381E4F4FE600BCFFE1 /* LaunchScreen.storyboard */; };
		75B477401E517DF50086DFCC /* R.generated.swift in Sources */ = {isa = PBXBuildFile; fileRef = 75B4773F1E517DF50086DFCC /* R.generated.swift */; };
		75B477431E5181CA0086DFCC /* Login.storyboard in Resources */ = {isa = PBXBuildFile; fileRef = 75B477411E5181CA0086DFCC /* Login.storyboard */; };
		75B477461E51821E0086DFCC /* MeetingRoomsListStoryboard.storyboard in Resources */ = {isa = PBXBuildFile; fileRef = 75B477441E51821E0086DFCC /* MeetingRoomsListStoryboard.storyboard */; };
		75B477491E5186FB0086DFCC /* SettingsStoryboard.storyboard in Resources */ = {isa = PBXBuildFile; fileRef = 75B477471E5186FB0086DFCC /* SettingsStoryboard.storyboard */; };
		75B4774B1E51873E0086DFCC /* SettingsViewController.swift in Sources */ = {isa = PBXBuildFile; fileRef = 75B4774A1E51873E0086DFCC /* SettingsViewController.swift */; };
		75B4774F1E5190D20086DFCC /* DashboardStoryboard.storyboard in Resources */ = {isa = PBXBuildFile; fileRef = 75B4774D1E5190D20086DFCC /* DashboardStoryboard.storyboard */; };
		75B477511E5199180086DFCC /* DashboardViewController.swift in Sources */ = {isa = PBXBuildFile; fileRef = 75B477501E5199180086DFCC /* DashboardViewController.swift */; };
		75BA0E891E4F5B3100CB7F87 /* Assets.xcassets in Resources */ = {isa = PBXBuildFile; fileRef = 75BA0E871E4F5B3100CB7F87 /* Assets.xcassets */; };
		75BA0E8A1E4F5B3100CB7F87 /* GoogleService-Info.plist in Resources */ = {isa = PBXBuildFile; fileRef = 75BA0E881E4F5B3100CB7F87 /* GoogleService-Info.plist */; };
		75BA0E901E4F5B3D00CB7F87 /* RootViewController.swift in Sources */ = {isa = PBXBuildFile; fileRef = 75BA0E8D1E4F5B3D00CB7F87 /* RootViewController.swift */; };
/* End PBXBuildFile section */

/* Begin PBXFileReference section */
		754A048F1E4FDD1600BB4593 /* String+Extension.swift */ = {isa = PBXFileReference; fileEncoding = 4; lastKnownFileType = sourcecode.swift; name = "String+Extension.swift"; path = "Extensions/String+Extension.swift"; sourceTree = "<group>"; };
		754A04911E4FEE8200BB4593 /* Rx+Extension.swift */ = {isa = PBXFileReference; fileEncoding = 4; lastKnownFileType = sourcecode.swift; name = "Rx+Extension.swift"; path = "Extensions/Rx+Extension.swift"; sourceTree = "<group>"; };
		754A04941E4FF0AB00BB4593 /* Wireframe.swift */ = {isa = PBXFileReference; fileEncoding = 4; lastKnownFileType = sourcecode.swift; name = Wireframe.swift; path = Services/Wireframe.swift; sourceTree = "<group>"; };
		754A04971E4FF20A00BB4593 /* AuthProtocols.swift */ = {isa = PBXFileReference; fileEncoding = 4; lastKnownFileType = sourcecode.swift; name = AuthProtocols.swift; path = Protocols/AuthProtocols.swift; sourceTree = "<group>"; };
		754A049E1E50856B00BB4593 /* SignUpViewController.swift */ = {isa = PBXFileReference; fileEncoding = 4; lastKnownFileType = sourcecode.swift; name = SignUpViewController.swift; path = "ViewControllers/Sign Up/SignUpViewController.swift"; sourceTree = "<group>"; };
		754A049F1E50856B00BB4593 /* SignUpViewModel.swift */ = {isa = PBXFileReference; fileEncoding = 4; lastKnownFileType = sourcecode.swift; name = SignUpViewModel.swift; path = "ViewControllers/Sign Up/SignUpViewModel.swift"; sourceTree = "<group>"; };
		754A04A21E50857400BB4593 /* LoginViewController.swift */ = {isa = PBXFileReference; fileEncoding = 4; lastKnownFileType = sourcecode.swift; path = LoginViewController.swift; sourceTree = "<group>"; };
		754A04A31E50857400BB4593 /* LoginViewModel.swift */ = {isa = PBXFileReference; fileEncoding = 4; lastKnownFileType = sourcecode.swift; path = LoginViewModel.swift; sourceTree = "<group>"; };
		754A04A91E5095BD00BB4593 /* MeetingRoomsListViewController.swift */ = {isa = PBXFileReference; fileEncoding = 4; lastKnownFileType = sourcecode.swift; path = MeetingRoomsListViewController.swift; sourceTree = "<group>"; };
		754A04AB1E50982600BB4593 /* Reachability.swift */ = {isa = PBXFileReference; fileEncoding = 4; lastKnownFileType = sourcecode.swift; name = Reachability.swift; path = Services/Reachability.swift; sourceTree = "<group>"; };
		754A04AC1E50982600BB4593 /* ReachabilityService.swift */ = {isa = PBXFileReference; fileEncoding = 4; lastKnownFileType = sourcecode.swift; name = ReachabilityService.swift; path = Services/ReachabilityService.swift; sourceTree = "<group>"; };
		754A04B11E509AC700BB4593 /* Styles.swift */ = {isa = PBXFileReference; fileEncoding = 4; lastKnownFileType = sourcecode.swift; name = Styles.swift; path = Base.lproj/Styles/Styles.swift; sourceTree = "<group>"; };
		754A04B41E51111500BB4593 /* User.swift */ = {isa = PBXFileReference; fileEncoding = 4; lastKnownFileType = sourcecode.swift; name = User.swift; path = Models/User.swift; sourceTree = "<group>"; };
		7581612C1E4F4FE600BCFFE1 /* MeetingRooms.app */ = {isa = PBXFileReference; explicitFileType = wrapper.application; includeInIndex = 0; path = MeetingRooms.app; sourceTree = BUILT_PRODUCTS_DIR; };
		7581612F1E4F4FE600BCFFE1 /* AppDelegate.swift */ = {isa = PBXFileReference; lastKnownFileType = sourcecode.swift; path = AppDelegate.swift; sourceTree = "<group>"; };
		758161341E4F4FE600BCFFE1 /* Base */ = {isa = PBXFileReference; lastKnownFileType = file.storyboard; name = Base; path = Base.lproj/Main.storyboard; sourceTree = "<group>"; };
		758161391E4F4FE600BCFFE1 /* Base */ = {isa = PBXFileReference; lastKnownFileType = file.storyboard; name = Base; path = Base.lproj/LaunchScreen.storyboard; sourceTree = "<group>"; };
		7581613B1E4F4FE600BCFFE1 /* Info.plist */ = {isa = PBXFileReference; lastKnownFileType = text.plist.xml; path = Info.plist; sourceTree = "<group>"; };
		75B4773F1E517DF50086DFCC /* R.generated.swift */ = {isa = PBXFileReference; fileEncoding = 4; lastKnownFileType = sourcecode.swift; path = R.generated.swift; sourceTree = "<group>"; };
		75B477421E5181CA0086DFCC /* Base */ = {isa = PBXFileReference; lastKnownFileType = file.storyboard; name = Base; path = Base.lproj/Login.storyboard; sourceTree = "<group>"; };
		75B477451E51821E0086DFCC /* Base */ = {isa = PBXFileReference; lastKnownFileType = file.storyboard; name = Base; path = Base.lproj/MeetingRoomsListStoryboard.storyboard; sourceTree = "<group>"; };
		75B477481E5186FB0086DFCC /* Base */ = {isa = PBXFileReference; lastKnownFileType = file.storyboard; name = Base; path = Base.lproj/SettingsStoryboard.storyboard; sourceTree = "<group>"; };
		75B4774A1E51873E0086DFCC /* SettingsViewController.swift */ = {isa = PBXFileReference; fileEncoding = 4; lastKnownFileType = sourcecode.swift; name = SettingsViewController.swift; path = ViewControllers/Settings/SettingsViewController.swift; sourceTree = "<group>"; };
		75B4774E1E5190D20086DFCC /* Base */ = {isa = PBXFileReference; lastKnownFileType = file.storyboard; name = Base; path = Base.lproj/DashboardStoryboard.storyboard; sourceTree = "<group>"; };
		75B477501E5199180086DFCC /* DashboardViewController.swift */ = {isa = PBXFileReference; fileEncoding = 4; lastKnownFileType = sourcecode.swift; name = DashboardViewController.swift; path = ViewControllers/Dashboard/DashboardViewController.swift; sourceTree = "<group>"; };
		75BA0E871E4F5B3100CB7F87 /* Assets.xcassets */ = {isa = PBXFileReference; lastKnownFileType = folder.assetcatalog; name = Assets.xcassets; path = Resources/Assets.xcassets; sourceTree = "<group>"; };
		75BA0E881E4F5B3100CB7F87 /* GoogleService-Info.plist */ = {isa = PBXFileReference; fileEncoding = 4; lastKnownFileType = text.plist.xml; name = "GoogleService-Info.plist"; path = "Resources/GoogleService-Info.plist"; sourceTree = "<group>"; };
		75BA0E8D1E4F5B3D00CB7F87 /* RootViewController.swift */ = {isa = PBXFileReference; fileEncoding = 4; lastKnownFileType = sourcecode.swift; name = RootViewController.swift; path = ViewControllers/RootViewController.swift; sourceTree = "<group>"; };
		A34CBFF343CDB046660F6AEA /* Pods-MeetingRooms.debug.xcconfig */ = {isa = PBXFileReference; includeInIndex = 1; lastKnownFileType = text.xcconfig; name = "Pods-MeetingRooms.debug.xcconfig"; path = "Pods/Target Support Files/Pods-MeetingRooms/Pods-MeetingRooms.debug.xcconfig"; sourceTree = "<group>"; };
		E516FDA9D9575F3A8D011461 /* Pods-MeetingRooms.release.xcconfig */ = {isa = PBXFileReference; includeInIndex = 1; lastKnownFileType = text.xcconfig; name = "Pods-MeetingRooms.release.xcconfig"; path = "Pods/Target Support Files/Pods-MeetingRooms/Pods-MeetingRooms.release.xcconfig"; sourceTree = "<group>"; };
		FEEC5337293C48B3D88618F4 /* Pods_MeetingRooms.framework */ = {isa = PBXFileReference; explicitFileType = wrapper.framework; includeInIndex = 0; path = Pods_MeetingRooms.framework; sourceTree = BUILT_PRODUCTS_DIR; };
/* End PBXFileReference section */

/* Begin PBXFrameworksBuildPhase section */
		758161291E4F4FE600BCFFE1 /* Frameworks */ = {
			isa = PBXFrameworksBuildPhase;
			buildActionMask = 2147483647;
			files = (
				1F020E619C6AABDDC05C6829 /* Pods_MeetingRooms.framework in Frameworks */,
			);
			runOnlyForDeploymentPostprocessing = 0;
		};
/* End PBXFrameworksBuildPhase section */

/* Begin PBXGroup section */
		475FA9CD6E5BCE4410234E16 /* Frameworks */ = {
			isa = PBXGroup;
			children = (
				FEEC5337293C48B3D88618F4 /* Pods_MeetingRooms.framework */,
			);
			name = Frameworks;
			sourceTree = "<group>";
		};
		6629920930601BAE6FC2D292 /* Pods */ = {
			isa = PBXGroup;
			children = (
				A34CBFF343CDB046660F6AEA /* Pods-MeetingRooms.debug.xcconfig */,
				E516FDA9D9575F3A8D011461 /* Pods-MeetingRooms.release.xcconfig */,
			);
			name = Pods;
			sourceTree = "<group>";
		};
		754A048D1E4F70F600BB4593 /* Login */ = {
			isa = PBXGroup;
			children = (
				754A04A21E50857400BB4593 /* LoginViewController.swift */,
				754A04A31E50857400BB4593 /* LoginViewModel.swift */,
			);
			name = Login;
			path = ViewControllers/Login;
			sourceTree = "<group>";
		};
		754A048E1E4FDCEA00BB4593 /* Extensions */ = {
			isa = PBXGroup;
			children = (
				754A048F1E4FDD1600BB4593 /* String+Extension.swift */,
				754A04911E4FEE8200BB4593 /* Rx+Extension.swift */,
			);
			name = Extensions;
			sourceTree = "<group>";
		};
		754A04931E4FF09400BB4593 /* Services */ = {
			isa = PBXGroup;
			children = (
				754A04AB1E50982600BB4593 /* Reachability.swift */,
				754A04AC1E50982600BB4593 /* ReachabilityService.swift */,
				754A04941E4FF0AB00BB4593 /* Wireframe.swift */,
			);
			name = Services;
			sourceTree = "<group>";
		};
		754A04961E4FF1D000BB4593 /* Protocols */ = {
			isa = PBXGroup;
			children = (
				754A04971E4FF20A00BB4593 /* AuthProtocols.swift */,
			);
			name = Protocols;
			sourceTree = "<group>";
		};
		754A049D1E50853C00BB4593 /* Sign Up */ = {
			isa = PBXGroup;
			children = (
				754A049E1E50856B00BB4593 /* SignUpViewController.swift */,
				754A049F1E50856B00BB4593 /* SignUpViewModel.swift */,
			);
			name = "Sign Up";
			sourceTree = "<group>";
		};
		754A04A81E50959E00BB4593 /* MeetingRoomsList */ = {
			isa = PBXGroup;
			children = (
				754A04A91E5095BD00BB4593 /* MeetingRoomsListViewController.swift */,
			);
			name = MeetingRoomsList;
			path = ViewControllers/MeetingRoomsList;
			sourceTree = "<group>";
		};
		754A04AF1E509AA300BB4593 /* Storyboards */ = {
			isa = PBXGroup;
			children = (
				758161331E4F4FE600BCFFE1 /* Main.storyboard */,
				758161381E4F4FE600BCFFE1 /* LaunchScreen.storyboard */,
				75B477411E5181CA0086DFCC /* Login.storyboard */,
				75B477441E51821E0086DFCC /* MeetingRoomsListStoryboard.storyboard */,
				75B477471E5186FB0086DFCC /* SettingsStoryboard.storyboard */,
				75B4774D1E5190D20086DFCC /* DashboardStoryboard.storyboard */,
			);
			name = Storyboards;
			sourceTree = "<group>";
		};
		754A04B01E509AAD00BB4593 /* Styles */ = {
			isa = PBXGroup;
			children = (
				754A04B11E509AC700BB4593 /* Styles.swift */,
			);
			name = Styles;
			sourceTree = "<group>";
		};
		754A04B31E5110F400BB4593 /* Models */ = {
			isa = PBXGroup;
			children = (
				754A04B41E51111500BB4593 /* User.swift */,
			);
			name = Models;
			sourceTree = "<group>";
		};
		758161231E4F4FE600BCFFE1 = {
			isa = PBXGroup;
			children = (
				7581612E1E4F4FE600BCFFE1 /* MeetingRooms */,
				7581612D1E4F4FE600BCFFE1 /* Products */,
				6629920930601BAE6FC2D292 /* Pods */,
				475FA9CD6E5BCE4410234E16 /* Frameworks */,
			);
			sourceTree = "<group>";
		};
		7581612D1E4F4FE600BCFFE1 /* Products */ = {
			isa = PBXGroup;
			children = (
				7581612C1E4F4FE600BCFFE1 /* MeetingRooms.app */,
			);
			name = Products;
			sourceTree = "<group>";
		};
		7581612E1E4F4FE600BCFFE1 /* MeetingRooms */ = {
			isa = PBXGroup;
			children = (
				75B4773E1E517DF50086DFCC /* External */,
				754A04B31E5110F400BB4593 /* Models */,
				7581612F1E4F4FE600BCFFE1 /* AppDelegate.swift */,
				754A04961E4FF1D000BB4593 /* Protocols */,
				754A04931E4FF09400BB4593 /* Services */,
				754A048E1E4FDCEA00BB4593 /* Extensions */,
				758161451E4F50D900BCFFE1 /* Interfaces */,
				75BA0E851E4F5B0F00CB7F87 /* ViewControllers */,
				75BA0E861E4F5B1800CB7F87 /* Resources */,
				7581613B1E4F4FE600BCFFE1 /* Info.plist */,
			);
			path = MeetingRooms;
			sourceTree = "<group>";
		};
		758161451E4F50D900BCFFE1 /* Interfaces */ = {
			isa = PBXGroup;
			children = (
				754A04B01E509AAD00BB4593 /* Styles */,
				754A04AF1E509AA300BB4593 /* Storyboards */,
			);
			name = Interfaces;
			sourceTree = "<group>";
		};
		75B4773E1E517DF50086DFCC /* External */ = {
			isa = PBXGroup;
			children = (
				75B4773F1E517DF50086DFCC /* R.generated.swift */,
			);
			path = External;
			sourceTree = SOURCE_ROOT;
		};
		75B4774C1E5187420086DFCC /* Settings */ = {
			isa = PBXGroup;
			children = (
				75B4774A1E51873E0086DFCC /* SettingsViewController.swift */,
			);
			name = Settings;
			sourceTree = "<group>";
		};
		75B477531E5199520086DFCC /* Dashboard */ = {
			isa = PBXGroup;
			children = (
				75B477501E5199180086DFCC /* DashboardViewController.swift */,
			);
			name = Dashboard;
			sourceTree = "<group>";
		};
		75BA0E851E4F5B0F00CB7F87 /* ViewControllers */ = {
			isa = PBXGroup;
			children = (
				75BA0E8D1E4F5B3D00CB7F87 /* RootViewController.swift */,
				754A049D1E50853C00BB4593 /* Sign Up */,
				754A048D1E4F70F600BB4593 /* Login */,
				754A04A81E50959E00BB4593 /* MeetingRoomsList */,
				75B4774C1E5187420086DFCC /* Settings */,
				75B477531E5199520086DFCC /* Dashboard */,
			);
			name = ViewControllers;
			sourceTree = "<group>";
		};
		75BA0E861E4F5B1800CB7F87 /* Resources */ = {
			isa = PBXGroup;
			children = (
				75BA0E871E4F5B3100CB7F87 /* Assets.xcassets */,
				75BA0E881E4F5B3100CB7F87 /* GoogleService-Info.plist */,
			);
			name = Resources;
			sourceTree = "<group>";
		};
/* End PBXGroup section */

/* Begin PBXNativeTarget section */
		7581612B1E4F4FE600BCFFE1 /* MeetingRooms */ = {
			isa = PBXNativeTarget;
			buildConfigurationList = 7581613E1E4F4FE600BCFFE1 /* Build configuration list for PBXNativeTarget "MeetingRooms" */;
			buildPhases = (
				811B0B4FD49862FAC92F9DEB /* [CP] Check Pods Manifest.lock */,
				758161281E4F4FE600BCFFE1 /* Sources */,
				758161291E4F4FE600BCFFE1 /* Frameworks */,
				7581612A1E4F4FE600BCFFE1 /* Resources */,
				32E381325634D49DB26B5BE6 /* [CP] Embed Pods Frameworks */,
				A8A6D4A47029BEC08EA7B0B1 /* [CP] Copy Pods Resources */,
				75B4773D1E517C720086DFCC /* ShellScript */,
			);
			buildRules = (
			);
			dependencies = (
			);
			name = MeetingRooms;
			productName = MeetingRooms;
			productReference = 7581612C1E4F4FE600BCFFE1 /* MeetingRooms.app */;
			productType = "com.apple.product-type.application";
		};
/* End PBXNativeTarget section */

/* Begin PBXProject section */
		758161241E4F4FE600BCFFE1 /* Project object */ = {
			isa = PBXProject;
			attributes = {
				LastSwiftUpdateCheck = 0820;
				LastUpgradeCheck = 0820;
				ORGANIZATIONNAME = amycheong;
				TargetAttributes = {
					7581612B1E4F4FE600BCFFE1 = {
						CreatedOnToolsVersion = 8.2.1;
						DevelopmentTeam = EEFYAPAVE2;
						ProvisioningStyle = Automatic;
					};
				};
			};
			buildConfigurationList = 758161271E4F4FE600BCFFE1 /* Build configuration list for PBXProject "MeetingRooms" */;
			compatibilityVersion = "Xcode 3.2";
			developmentRegion = English;
			hasScannedForEncodings = 0;
			knownRegions = (
				en,
				Base,
			);
			mainGroup = 758161231E4F4FE600BCFFE1;
			productRefGroup = 7581612D1E4F4FE600BCFFE1 /* Products */;
			projectDirPath = "";
			projectRoot = "";
			targets = (
				7581612B1E4F4FE600BCFFE1 /* MeetingRooms */,
			);
		};
/* End PBXProject section */

/* Begin PBXResourcesBuildPhase section */
		7581612A1E4F4FE600BCFFE1 /* Resources */ = {
			isa = PBXResourcesBuildPhase;
			buildActionMask = 2147483647;
			files = (
				7581613A1E4F4FE600BCFFE1 /* LaunchScreen.storyboard in Resources */,
				75B477491E5186FB0086DFCC /* SettingsStoryboard.storyboard in Resources */,
				75BA0E8A1E4F5B3100CB7F87 /* GoogleService-Info.plist in Resources */,
				75BA0E891E4F5B3100CB7F87 /* Assets.xcassets in Resources */,
				75B477431E5181CA0086DFCC /* Login.storyboard in Resources */,
				75B477461E51821E0086DFCC /* MeetingRoomsListStoryboard.storyboard in Resources */,
				75B4774F1E5190D20086DFCC /* DashboardStoryboard.storyboard in Resources */,
				758161351E4F4FE600BCFFE1 /* Main.storyboard in Resources */,
			);
			runOnlyForDeploymentPostprocessing = 0;
		};
/* End PBXResourcesBuildPhase section */

/* Begin PBXShellScriptBuildPhase section */
		32E381325634D49DB26B5BE6 /* [CP] Embed Pods Frameworks */ = {
			isa = PBXShellScriptBuildPhase;
			buildActionMask = 2147483647;
			files = (
			);
			inputPaths = (
			);
			name = "[CP] Embed Pods Frameworks";
			outputPaths = (
			);
			runOnlyForDeploymentPostprocessing = 0;
			shellPath = /bin/sh;
			shellScript = "\"${SRCROOT}/Pods/Target Support Files/Pods-MeetingRooms/Pods-MeetingRooms-frameworks.sh\"\n";
			showEnvVarsInLog = 0;
		};
		75B4773D1E517C720086DFCC /* ShellScript */ = {
			isa = PBXShellScriptBuildPhase;
			buildActionMask = 2147483647;
			files = (
			);
			inputPaths = (
			);
			outputPaths = (
			);
			runOnlyForDeploymentPostprocessing = 0;
			shellPath = /bin/sh;
			shellScript = "\"$PODS_ROOT/R.swift/rswift\" \"$SRCROOT/External\"";
		};
		811B0B4FD49862FAC92F9DEB /* [CP] Check Pods Manifest.lock */ = {
			isa = PBXShellScriptBuildPhase;
			buildActionMask = 2147483647;
			files = (
			);
			inputPaths = (
			);
			name = "[CP] Check Pods Manifest.lock";
			outputPaths = (
			);
			runOnlyForDeploymentPostprocessing = 0;
			shellPath = /bin/sh;
			shellScript = "diff \"${PODS_ROOT}/../Podfile.lock\" \"${PODS_ROOT}/Manifest.lock\" > /dev/null\nif [ $? != 0 ] ; then\n    # print error to STDERR\n    echo \"error: The sandbox is not in sync with the Podfile.lock. Run 'pod install' or update your CocoaPods installation.\" >&2\n    exit 1\nfi\n";
			showEnvVarsInLog = 0;
		};
		A8A6D4A47029BEC08EA7B0B1 /* [CP] Copy Pods Resources */ = {
			isa = PBXShellScriptBuildPhase;
			buildActionMask = 2147483647;
			files = (
			);
			inputPaths = (
			);
			name = "[CP] Copy Pods Resources";
			outputPaths = (
			);
			runOnlyForDeploymentPostprocessing = 0;
			shellPath = /bin/sh;
			shellScript = "\"${SRCROOT}/Pods/Target Support Files/Pods-MeetingRooms/Pods-MeetingRooms-resources.sh\"\n";
			showEnvVarsInLog = 0;
		};
/* End PBXShellScriptBuildPhase section */

/* Begin PBXSourcesBuildPhase section */
		758161281E4F4FE600BCFFE1 /* Sources */ = {
			isa = PBXSourcesBuildPhase;
			buildActionMask = 2147483647;
			files = (
				754A04A41E50857400BB4593 /* LoginViewController.swift in Sources */,
				75B477511E5199180086DFCC /* DashboardViewController.swift in Sources */,
				754A04B21E509AC700BB4593 /* Styles.swift in Sources */,
				754A04901E4FDD1600BB4593 /* String+Extension.swift in Sources */,
				754A04AD1E50982600BB4593 /* Reachability.swift in Sources */,
				754A04A01E50856B00BB4593 /* SignUpViewController.swift in Sources */,
				754A04A11E50856B00BB4593 /* SignUpViewModel.swift in Sources */,
				754A04981E4FF20A00BB4593 /* AuthProtocols.swift in Sources */,
				758161301E4F4FE600BCFFE1 /* AppDelegate.swift in Sources */,
				754A04B51E51111600BB4593 /* User.swift in Sources */,
				75BA0E901E4F5B3D00CB7F87 /* RootViewController.swift in Sources */,
				754A04AA1E5095BD00BB4593 /* MeetingRoomsListViewController.swift in Sources */,
				75B477401E517DF50086DFCC /* R.generated.swift in Sources */,
				75B4774B1E51873E0086DFCC /* SettingsViewController.swift in Sources */,
				754A04AE1E50982600BB4593 /* ReachabilityService.swift in Sources */,
				754A04951E4FF0AB00BB4593 /* Wireframe.swift in Sources */,
				754A04A51E50857400BB4593 /* LoginViewModel.swift in Sources */,
				754A04921E4FEE8200BB4593 /* Rx+Extension.swift in Sources */,
			);
			runOnlyForDeploymentPostprocessing = 0;
		};
/* End PBXSourcesBuildPhase section */

/* Begin PBXVariantGroup section */
		758161331E4F4FE600BCFFE1 /* Main.storyboard */ = {
			isa = PBXVariantGroup;
			children = (
				758161341E4F4FE600BCFFE1 /* Base */,
			);
			name = Main.storyboard;
			sourceTree = "<group>";
		};
		758161381E4F4FE600BCFFE1 /* LaunchScreen.storyboard */ = {
			isa = PBXVariantGroup;
			children = (
				758161391E4F4FE600BCFFE1 /* Base */,
			);
			name = LaunchScreen.storyboard;
			sourceTree = "<group>";
		};
		75B477411E5181CA0086DFCC /* Login.storyboard */ = {
			isa = PBXVariantGroup;
			children = (
				75B477421E5181CA0086DFCC /* Base */,
			);
			name = Login.storyboard;
			sourceTree = "<group>";
		};
		75B477441E51821E0086DFCC /* MeetingRoomsListStoryboard.storyboard */ = {
			isa = PBXVariantGroup;
			children = (
				75B477451E51821E0086DFCC /* Base */,
			);
			name = MeetingRoomsListStoryboard.storyboard;
			sourceTree = "<group>";
		};
		75B477471E5186FB0086DFCC /* SettingsStoryboard.storyboard */ = {
			isa = PBXVariantGroup;
			children = (
				75B477481E5186FB0086DFCC /* Base */,
			);
			name = SettingsStoryboard.storyboard;
			sourceTree = "<group>";
		};
		75B4774D1E5190D20086DFCC /* DashboardStoryboard.storyboard */ = {
			isa = PBXVariantGroup;
			children = (
				75B4774E1E5190D20086DFCC /* Base */,
			);
			name = DashboardStoryboard.storyboard;
			sourceTree = "<group>";
		};
/* End PBXVariantGroup section */

/* Begin XCBuildConfiguration section */
		7581613C1E4F4FE600BCFFE1 /* Debug */ = {
			isa = XCBuildConfiguration;
			buildSettings = {
				ALWAYS_SEARCH_USER_PATHS = NO;
				CLANG_ANALYZER_NONNULL = YES;
				CLANG_CXX_LANGUAGE_STANDARD = "gnu++0x";
				CLANG_CXX_LIBRARY = "libc++";
				CLANG_ENABLE_MODULES = YES;
				CLANG_ENABLE_OBJC_ARC = YES;
				CLANG_WARN_BOOL_CONVERSION = YES;
				CLANG_WARN_CONSTANT_CONVERSION = YES;
				CLANG_WARN_DIRECT_OBJC_ISA_USAGE = YES_ERROR;
				CLANG_WARN_DOCUMENTATION_COMMENTS = YES;
				CLANG_WARN_EMPTY_BODY = YES;
				CLANG_WARN_ENUM_CONVERSION = YES;
				CLANG_WARN_INFINITE_RECURSION = YES;
				CLANG_WARN_INT_CONVERSION = YES;
				CLANG_WARN_OBJC_ROOT_CLASS = YES_ERROR;
				CLANG_WARN_SUSPICIOUS_MOVE = YES;
				CLANG_WARN_UNREACHABLE_CODE = YES;
				CLANG_WARN__DUPLICATE_METHOD_MATCH = YES;
				"CODE_SIGN_IDENTITY[sdk=iphoneos*]" = "iPhone Developer";
				COPY_PHASE_STRIP = NO;
				DEBUG_INFORMATION_FORMAT = dwarf;
				ENABLE_STRICT_OBJC_MSGSEND = YES;
				ENABLE_TESTABILITY = YES;
				GCC_C_LANGUAGE_STANDARD = gnu99;
				GCC_DYNAMIC_NO_PIC = NO;
				GCC_NO_COMMON_BLOCKS = YES;
				GCC_OPTIMIZATION_LEVEL = 0;
				GCC_PREPROCESSOR_DEFINITIONS = (
					"DEBUG=1",
					"$(inherited)",
				);
				GCC_WARN_64_TO_32_BIT_CONVERSION = YES;
				GCC_WARN_ABOUT_RETURN_TYPE = YES_ERROR;
				GCC_WARN_UNDECLARED_SELECTOR = YES;
				GCC_WARN_UNINITIALIZED_AUTOS = YES_AGGRESSIVE;
				GCC_WARN_UNUSED_FUNCTION = YES;
				GCC_WARN_UNUSED_VARIABLE = YES;
				IPHONEOS_DEPLOYMENT_TARGET = 10.2;
				MTL_ENABLE_DEBUG_INFO = YES;
				ONLY_ACTIVE_ARCH = YES;
				SDKROOT = iphoneos;
				SWIFT_ACTIVE_COMPILATION_CONDITIONS = DEBUG;
				SWIFT_OPTIMIZATION_LEVEL = "-Onone";
				TARGETED_DEVICE_FAMILY = "1,2";
			};
			name = Debug;
		};
		7581613D1E4F4FE600BCFFE1 /* Release */ = {
			isa = XCBuildConfiguration;
			buildSettings = {
				ALWAYS_SEARCH_USER_PATHS = NO;
				CLANG_ANALYZER_NONNULL = YES;
				CLANG_CXX_LANGUAGE_STANDARD = "gnu++0x";
				CLANG_CXX_LIBRARY = "libc++";
				CLANG_ENABLE_MODULES = YES;
				CLANG_ENABLE_OBJC_ARC = YES;
				CLANG_WARN_BOOL_CONVERSION = YES;
				CLANG_WARN_CONSTANT_CONVERSION = YES;
				CLANG_WARN_DIRECT_OBJC_ISA_USAGE = YES_ERROR;
				CLANG_WARN_DOCUMENTATION_COMMENTS = YES;
				CLANG_WARN_EMPTY_BODY = YES;
				CLANG_WARN_ENUM_CONVERSION = YES;
				CLANG_WARN_INFINITE_RECURSION = YES;
				CLANG_WARN_INT_CONVERSION = YES;
				CLANG_WARN_OBJC_ROOT_CLASS = YES_ERROR;
				CLANG_WARN_SUSPICIOUS_MOVE = YES;
				CLANG_WARN_UNREACHABLE_CODE = YES;
				CLANG_WARN__DUPLICATE_METHOD_MATCH = YES;
				"CODE_SIGN_IDENTITY[sdk=iphoneos*]" = "iPhone Developer";
				COPY_PHASE_STRIP = NO;
				DEBUG_INFORMATION_FORMAT = "dwarf-with-dsym";
				ENABLE_NS_ASSERTIONS = NO;
				ENABLE_STRICT_OBJC_MSGSEND = YES;
				GCC_C_LANGUAGE_STANDARD = gnu99;
				GCC_NO_COMMON_BLOCKS = YES;
				GCC_WARN_64_TO_32_BIT_CONVERSION = YES;
				GCC_WARN_ABOUT_RETURN_TYPE = YES_ERROR;
				GCC_WARN_UNDECLARED_SELECTOR = YES;
				GCC_WARN_UNINITIALIZED_AUTOS = YES_AGGRESSIVE;
				GCC_WARN_UNUSED_FUNCTION = YES;
				GCC_WARN_UNUSED_VARIABLE = YES;
				IPHONEOS_DEPLOYMENT_TARGET = 10.2;
				MTL_ENABLE_DEBUG_INFO = NO;
				SDKROOT = iphoneos;
				SWIFT_OPTIMIZATION_LEVEL = "-Owholemodule";
				TARGETED_DEVICE_FAMILY = "1,2";
				VALIDATE_PRODUCT = YES;
			};
			name = Release;
		};
		7581613F1E4F4FE600BCFFE1 /* Debug */ = {
			isa = XCBuildConfiguration;
			baseConfigurationReference = A34CBFF343CDB046660F6AEA /* Pods-MeetingRooms.debug.xcconfig */;
			buildSettings = {
				ASSETCATALOG_COMPILER_APPICON_NAME = AppIcon;
				"CODE_SIGN_IDENTITY[sdk=iphoneos*]" = "iPhone Developer";
				DEVELOPMENT_TEAM = EEFYAPAVE2;
				INFOPLIST_FILE = MeetingRooms/Info.plist;
				LD_RUNPATH_SEARCH_PATHS = "$(inherited) @executable_path/Frameworks";
				PRODUCT_BUNDLE_IDENTIFIER = dev.amycheong.MeetingRooms;
				PRODUCT_NAME = "$(TARGET_NAME)";
				SWIFT_VERSION = 3.0;
			};
			name = Debug;
		};
		758161401E4F4FE600BCFFE1 /* Release */ = {
			isa = XCBuildConfiguration;
			baseConfigurationReference = E516FDA9D9575F3A8D011461 /* Pods-MeetingRooms.release.xcconfig */;
			buildSettings = {
				ASSETCATALOG_COMPILER_APPICON_NAME = AppIcon;
				"CODE_SIGN_IDENTITY[sdk=iphoneos*]" = "iPhone Developer";
				DEVELOPMENT_TEAM = EEFYAPAVE2;
				INFOPLIST_FILE = MeetingRooms/Info.plist;
				LD_RUNPATH_SEARCH_PATHS = "$(inherited) @executable_path/Frameworks";
				PRODUCT_BUNDLE_IDENTIFIER = dev.amycheong.MeetingRooms;
				PRODUCT_NAME = "$(TARGET_NAME)";
				SWIFT_VERSION = 3.0;
			};
			name = Release;
		};
/* End XCBuildConfiguration section */

/* Begin XCConfigurationList section */
		758161271E4F4FE600BCFFE1 /* Build configuration list for PBXProject "MeetingRooms" */ = {
			isa = XCConfigurationList;
			buildConfigurations = (
				7581613C1E4F4FE600BCFFE1 /* Debug */,
				7581613D1E4F4FE600BCFFE1 /* Release */,
			);
			defaultConfigurationIsVisible = 0;
			defaultConfigurationName = Release;
		};
		7581613E1E4F4FE600BCFFE1 /* Build configuration list for PBXNativeTarget "MeetingRooms" */ = {
			isa = XCConfigurationList;
			buildConfigurations = (
				7581613F1E4F4FE600BCFFE1 /* Debug */,
				758161401E4F4FE600BCFFE1 /* Release */,
			);
			defaultConfigurationIsVisible = 0;
			defaultConfigurationName = Release;
		};
/* End XCConfigurationList section */
	};
	rootObject = 758161241E4F4FE600BCFFE1 /* Project object */;
}
